
Microsoft Visual Studio Solution File, Format Version 12.00
# Visual Studio Version 16
VisualStudioVersion = 16.0.28922.388
MinimumVisualStudioVersion = 10.0.40219.1
Project("{FAE04EC0-301F-11D3-BF4B-00C04F79EFBC}") = "phonebook", "phonebook.csproj", "{54BE8D36-1532-4496-A0E8-5421FDF0B222}"
EndProject
Global
	GlobalSection(SolutionConfigurationPlatforms) = preSolution
		Debug|Any CPU = Debug|Any CPU
		Release|Any CPU = Release|Any CPU
	EndGlobalSection
	GlobalSection(ProjectConfigurationPlatforms) = postSolution
		{54BE8D36-1532-4496-A0E8-5421FDF0B222}.Debug|Any CPU.ActiveCfg = Debug|Any CPU
		{54BE8D36-1532-4496-A0E8-5421FDF0B222}.Debug|Any CPU.Build.0 = Debug|Any CPU
		{54BE8D36-1532-4496-A0E8-5421FDF0B222}.Release|Any CPU.ActiveCfg = Release|Any CPU
		{54BE8D36-1532-4496-A0E8-5421FDF0B222}.Release|Any CPU.Build.0 = Release|Any CPU
	EndGlobalSection
	GlobalSection(SolutionProperties) = preSolution
		HideSolutionNode = FALSE
	EndGlobalSection
	GlobalSection(ExtensibilityGlobals) = postSolution
		SolutionGuid = {1B558035-9080-4BD4-92C7-E10458F9DA57}
	EndGlobalSection
EndGlobal
